// !$*UTF8*$!
{
	archiveVersion = 1;
	classes = {
	};
	objectVersion = 77;
	objects = {

/* Begin PBXBuildFile section */
		18B39D142EEBA78400F9C0C6 /* ContentView.swift in Sources */ = {isa = PBXBuildFile; fileRef = 18B39D132EEBA78400F9C0C6 /* ContentView.swift */; };
		18B39D402EEBB09500F9C0C6 /* DrawingCanvas.swift in Sources */ = {isa = PBXBuildFile; fileRef = 18B39D3F2EEBB09500F9C0C6 /* DrawingCanvas.swift */; };
/* End PBXBuildFile section */

/* Begin PBXContainerItemProxy section */
		18B39D202EEBA78600F9C0C6 /* PBXContainerItemProxy */ = {
			isa = PBXContainerItemProxy;
			containerPortal = 18B39D012EEBA78400F9C0C6 /* Project object */;
			proxyType = 1;
			remoteGlobalIDString = 18B39D082EEBA78400F9C0C6;
			remoteInfo = SampleEditViewController;
		};
		18B39D2A2EEBA78600F9C0C6 /* PBXContainerItemProxy */ = {
			isa = PBXContainerItemProxy;
			containerPortal = 18B39D012EEBA78400F9C0C6 /* Project object */;
			proxyType = 1;
			remoteGlobalIDString = 18B39D082EEBA78400F9C0C6;
			remoteInfo = SampleEditViewController;
		};
/* End PBXContainerItemProxy section */

/* Begin PBXFileReference section */
		18B39D092EEBA78400F9C0C6 /* SampleEditViewController.app */ = {isa = PBXFileReference; explicitFileType = wrapper.application; includeInIndex = 0; path = SampleEditViewController.app; sourceTree = BUILT_PRODUCTS_DIR; };
		18B39D132EEBA78400F9C0C6 /* ContentView.swift */ = {isa = PBXFileReference; lastKnownFileType = sourcecode.swift; path = ContentView.swift; sourceTree = "<group>"; };
		18B39D1F2EEBA78600F9C0C6 /* SampleEditViewControllerTests.xctest */ = {isa = PBXFileReference; explicitFileType = wrapper.cfbundle; includeInIndex = 0; path = SampleEditViewControllerTests.xctest; sourceTree = BUILT_PRODUCTS_DIR; };
		18B39D292EEBA78600F9C0C6 /* SampleEditViewControllerUITests.xctest */ = {isa = PBXFileReference; explicitFileType = wrapper.cfbundle; includeInIndex = 0; path = SampleEditViewControllerUITests.xctest; sourceTree = BUILT_PRODUCTS_DIR; };
		18B39D3F2EEBB09500F9C0C6 /* DrawingCanvas.swift */ = {isa = PBXFileReference; lastKnownFileType = sourcecode.swift; path = DrawingCanvas.swift; sourceTree = "<group>"; };
/* End PBXFileReference section */

/* Begin PBXFileSystemSynchronizedRootGroup section */
		18B39D0B2EEBA78400F9C0C6 /* SampleEditViewController */ = {
			isa = PBXFileSystemSynchronizedRootGroup;
			path = SampleEditViewController;
			sourceTree = "<group>";
		};
		18B39D222EEBA78600F9C0C6 /* SampleEditViewControllerTests */ = {
			isa = PBXFileSystemSynchronizedRootGroup;
			path = SampleEditViewControllerTests;
			sourceTree = "<group>";
		};
		18B39D2C2EEBA78600F9C0C6 /* SampleEditViewControllerUITests */ = {
			isa = PBXFileSystemSynchronizedRootGroup;
			path = SampleEditViewControllerUITests;
			sourceTree = "<group>";
		};
/* End PBXFileSystemSynchronizedRootGroup section */

/* Begin PBXFrameworksBuildPhase section */
		18B39D062EEBA78400F9C0C6 /* Frameworks */ = {
			isa = PBXFrameworksBuildPhase;
			buildActionMask = 2147483647;
			files = (
			);
			runOnlyForDeploymentPostprocessing = 0;
		};
		18B39D1C2EEBA78600F9C0C6 /* Frameworks */ = {
			isa = PBXFrameworksBuildPhase;
			buildActionMask = 2147483647;
			files = (
			);
			runOnlyForDeploymentPostprocessing = 0;
		};
		18B39D262EEBA78600F9C0C6 /* Frameworks */ = {
			isa = PBXFrameworksBuildPhase;
			buildActionMask = 2147483647;
			files = (
			);
			runOnlyForDeploymentPostprocessing = 0;
		};
/* End PBXFrameworksBuildPhase section */

/* Begin PBXGroup section */
		18B39D002EEBA78400F9C0C6 = {
			isa = PBXGroup;
			children = (
				18B39D132EEBA78400F9C0C6 /* ContentView.swift */,
				18B39D3F2EEBB09500F9C0C6 /* DrawingCanvas.swift */,
				18B39D0B2EEBA78400F9C0C6 /* SampleEditViewController */,
				18B39D222EEBA78600F9C0C6 /* SampleEditViewControllerTests */,
				18B39D2C2EEBA78600F9C0C6 /* SampleEditViewControllerUITests */,
				18B39D0A2EEBA78400F9C0C6 /* Products */,
			);
			sourceTree = "<group>";
		};
		18B39D0A2EEBA78400F9C0C6 /* Products */ = {
			isa = PBXGroup;
			children = (
				18B39D092EEBA78400F9C0C6 /* SampleEditViewController.app */,
				18B39D1F2EEBA78600F9C0C6 /* SampleEditViewControllerTests.xctest */,
				18B39D292EEBA78600F9C0C6 /* SampleEditViewControllerUITests.xctest */,
			);
			name = Products;
			sourceTree = "<group>";
		};
/* End PBXGroup section */

/* Begin PBXNativeTarget section */
		18B39D082EEBA78400F9C0C6 /* SampleEditViewController */ = {
			isa = PBXNativeTarget;
			buildConfigurationList = 18B39D332EEBA78600F9C0C6 /* Build configuration list for PBXNativeTarget "SampleEditViewController" */;
			buildPhases = (
				18B39D052EEBA78400F9C0C6 /* Sources */,
				18B39D062EEBA78400F9C0C6 /* Frameworks */,
				18B39D072EEBA78400F9C0C6 /* Resources */,
			);
			buildRules = (
			);
			dependencies = (
			);
			fileSystemSynchronizedGroups = (
				18B39D0B2EEBA78400F9C0C6 /* SampleEditViewController */,
			);
			name = SampleEditViewController;
			packageProductDependencies = (
			);
			productName = SampleEditViewController;
			productReference = 18B39D092EEBA78400F9C0C6 /* SampleEditViewController.app */;
			productType = "com.apple.product-type.application";
		};
		18B39D1E2EEBA78600F9C0C6 /* SampleEditViewControllerTests */ = {
			isa = PBXNativeTarget;
			buildConfigurationList = 18B39D362EEBA78600F9C0C6 /* Build configuration list for PBXNativeTarget "SampleEditViewControllerTests" */;
			buildPhases = (
				18B39D1B2EEBA78600F9C0C6 /* Sources */,
				18B39D1C2EEBA78600F9C0C6 /* Frameworks */,
				18B39D1D2EEBA78600F9C0C6 /* Resources */,
			);
			buildRules = (
			);
			dependencies = (
				18B39D212EEBA78600F9C0C6 /* PBXTargetDependency */,
			);
			fileSystemSynchronizedGroups = (
				18B39D222EEBA78600F9C0C6 /* SampleEditViewControllerTests */,
			);
			name = SampleEditViewControllerTests;
			packageProductDependencies = (
			);
			productName = SampleEditViewControllerTests;
			productReference = 18B39D1F2EEBA78600F9C0C6 /* SampleEditViewControllerTests.xctest */;
			productType = "com.apple.product-type.bundle.unit-test";
		};
		18B39D282EEBA78600F9C0C6 /* SampleEditViewControllerUITests */ = {
			isa = PBXNativeTarget;
			buildConfigurationList = 18B39D392EEBA78600F9C0C6 /* Build configuration list for PBXNativeTarget "SampleEditViewControllerUITests" */;
			buildPhases = (
				18B39D252EEBA78600F9C0C6 /* Sources */,
				18B39D262EEBA78600F9C0C6 /* Frameworks */,
				18B39D272EEBA78600F9C0C6 /* Resources */,
			);
			buildRules = (
			);
			dependencies = (
				18B39D2B2EEBA78600F9C0C6 /* PBXTargetDependency */,
			);
			fileSystemSynchronizedGroups = (
				18B39D2C2EEBA78600F9C0C6 /* SampleEditViewControllerUITests */,
			);
			name = SampleEditViewControllerUITests;
			packageProductDependencies = (
			);
			productName = SampleEditViewControllerUITests;
			productReference = 18B39D292EEBA78600F9C0C6 /* SampleEditViewControllerUITests.xctest */;
			productType = "com.apple.product-type.bundle.ui-testing";
		};
/* End PBXNativeTarget section */

/* Begin PBXProject section */
		18B39D012EEBA78400F9C0C6 /* Project object */ = {
			isa = PBXProject;
			attributes = {
				BuildIndependentTargetsInParallel = 1;
				LastSwiftUpdateCheck = 1620;
				LastUpgradeCheck = 1620;
				TargetAttributes = {
					18B39D082EEBA78400F9C0C6 = {
						CreatedOnToolsVersion = 16.2;
					};
					18B39D1E2EEBA78600F9C0C6 = {
						CreatedOnToolsVersion = 16.2;
						TestTargetID = 18B39D082EEBA78400F9C0C6;
					};
					18B39D282EEBA78600F9C0C6 = {
						CreatedOnToolsVersion = 16.2;
						TestTargetID = 18B39D082EEBA78400F9C0C6;
					};
				};
			};
			buildConfigurationList = 18B39D042EEBA78400F9C0C6 /* Build configuration list for PBXProject "SampleEditViewController" */;
			developmentRegion = en;
			hasScannedForEncodings = 0;
			knownRegions = (
				en,
				Base,
			);
			mainGroup = 18B39D002EEBA78400F9C0C6;
			minimizedProjectReferenceProxies = 1;
			preferredProjectObjectVersion = 77;
			productRefGroup = 18B39D0A2EEBA78400F9C0C6 /* Products */;
			projectDirPath = "";
			projectRoot = "";
			targets = (
				18B39D082EEBA78400F9C0C6 /* SampleEditViewController */,
				18B39D1E2EEBA78600F9C0C6 /* SampleEditViewControllerTests */,
				18B39D282EEBA78600F9C0C6 /* SampleEditViewControllerUITests */,
			);
		};
/* End PBXProject section */

/* Begin PBXResourcesBuildPhase section */
		18B39D072EEBA78400F9C0C6 /* Resources */ = {
			isa = PBXResourcesBuildPhase;
			buildActionMask = 2147483647;
			files = (
			);
			runOnlyForDeploymentPostprocessing = 0;
		};
		18B39D1D2EEBA78600F9C0C6 /* Resources */ = {
			isa = PBXResourcesBuildPhase;
			buildActionMask = 2147483647;
			files = (
			);
			runOnlyForDeploymentPostprocessing = 0;
		};
		18B39D272EEBA78600F9C0C6 /* Resources */ = {
			isa = PBXResourcesBuildPhase;
			buildActionMask = 2147483647;
			files = (
			);
			runOnlyForDeploymentPostprocessing = 0;
		};
/* End PBXResourcesBuildPhase section */

/* Begin PBXSourcesBuildPhase section */
		18B39D052EEBA78400F9C0C6 /* Sources */ = {
			isa = PBXSourcesBuildPhase;
			buildActionMask = 2147483647;
			files = (
				18B39D402EEBB09500F9C0C6 /* DrawingCanvas.swift in Sources */,
				18B39D142EEBA78400F9C0C6 /* ContentView.swift in Sources */,
			);
			runOnlyForDeploymentPostprocessing = 0;
		};
		18B39D1B2EEBA78600F9C0C6 /* Sources */ = {
			isa = PBXSourcesBuildPhase;
			buildActionMask = 2147483647;
			files = (
			);
			runOnlyForDeploymentPostprocessing = 0;
		};
		18B39D252EEBA78600F9C0C6 /* Sources */ = {
			isa = PBXSourcesBuildPhase;
			buildActionMask = 2147483647;
			files = (
			);
			runOnlyForDeploymentPostprocessing = 0;
		};
/* End PBXSourcesBuildPhase section */

/* Begin PBXTargetDependency section */
		18B39D212EEBA78600F9C0C6 /* PBXTargetDependency */ = {
			isa = PBXTargetDependency;
			target = 18B39D082EEBA78400F9C0C6 /* SampleEditViewController */;
			targetProxy = 18B39D202EEBA78600F9C0C6 /* PBXContainerItemProxy */;
		};
		18B39D2B2EEBA78600F9C0C6 /* PBXTargetDependency */ = {
			isa = PBXTargetDependency;
			target = 18B39D082EEBA78400F9C0C6 /* SampleEditViewController */;
			targetProxy = 18B39D2A2EEBA78600F9C0C6 /* PBXContainerItemProxy */;
		};
/* End PBXTargetDependency section */

/* Begin XCBuildConfiguration section */
		18B39D312EEBA78600F9C0C6 /* Debug */ = {
			isa = XCBuildConfiguration;
			buildSettings = {
				ALWAYS_SEARCH_USER_PATHS = NO;
				ASSETCATALOG_COMPILER_GENERATE_SWIFT_ASSET_SYMBOL_EXTENSIONS = YES;
				CLANG_ANALYZER_NONNULL = YES;
				CLANG_ANALYZER_NUMBER_OBJECT_CONVERSION = YES_AGGRESSIVE;
				CLANG_CXX_LANGUAGE_STANDARD = "gnu++20";
				CLANG_ENABLE_MODULES = YES;
				CLANG_ENABLE_OBJC_ARC = YES;
				CLANG_ENABLE_OBJC_WEAK = YES;
				CLANG_WARN_BLOCK_CAPTURE_AUTORELEASING = YES;
				CLANG_WARN_BOOL_CONVERSION = YES;
				CLANG_WARN_COMMA = YES;
				CLANG_WARN_CONSTANT_CONVERSION = YES;
				CLANG_WARN_DEPRECATED_OBJC_IMPLEMENTATIONS = YES;
				CLANG_WARN_DIRECT_OBJC_ISA_USAGE = YES_ERROR;
				CLANG_WARN_DOCUMENTATION_COMMENTS = YES;
				CLANG_WARN_EMPTY_BODY = YES;
				CLANG_WARN_ENUM_CONVERSION = YES;
				CLANG_WARN_INFINITE_RECURSION = YES;
				CLANG_WARN_INT_CONVERSION = YES;
				CLANG_WARN_NON_LITERAL_NULL_CONVERSION = YES;
				CLANG_WARN_OBJC_IMPLICIT_RETAIN_SELF = YES;
				CLANG_WARN_OBJC_LITERAL_CONVERSION = YES;
				CLANG_WARN_OBJC_ROOT_CLASS = YES_ERROR;
				CLANG_WARN_QUOTED_INCLUDE_IN_FRAMEWORK_HEADER = YES;
				CLANG_WARN_RANGE_LOOP_ANALYSIS = YES;
				CLANG_WARN_STRICT_PROTOTYPES = YES;
				CLANG_WARN_SUSPICIOUS_MOVE = YES;
				CLANG_WARN_UNGUARDED_AVAILABILITY = YES_AGGRESSIVE;
				CLANG_WARN_UNREACHABLE_CODE = YES;
				CLANG_WARN__DUPLICATE_METHOD_MATCH = YES;
				COPY_PHASE_STRIP = NO;
				DEBUG_INFORMATION_FORMAT = dwarf;
				ENABLE_STRICT_OBJC_MSGSEND = YES;
				ENABLE_TESTABILITY = YES;
				ENABLE_USER_SCRIPT_SANDBOXING = YES;
				GCC_C_LANGUAGE_STANDARD = gnu17;
				GCC_DYNAMIC_NO_PIC = NO;
				GCC_NO_COMMON_BLOCKS = YES;
				GCC_OPTIMIZATION_LEVEL = 0;
				GCC_PREPROCESSOR_DEFINITIONS = (
					"DEBUG=1",
					"$(inherited)",
				);
				GCC_WARN_64_TO_32_BIT_CONVERSION = YES;
				GCC_WARN_ABOUT_RETURN_TYPE = YES_ERROR;
				GCC_WARN_UNDECLARED_SELECTOR = YES;
				GCC_WARN_UNINITIALIZED_AUTOS = YES_AGGRESSIVE;
				GCC_WARN_UNUSED_FUNCTION = YES;
				GCC_WARN_UNUSED_VARIABLE = YES;
				LOCALIZATION_PREFERS_STRING_CATALOGS = YES;
				MTL_ENABLE_DEBUG_INFO = INCLUDE_SOURCE;
				MTL_FAST_MATH = YES;
				ONLY_ACTIVE_ARCH = YES;
				SWIFT_ACTIVE_COMPILATION_CONDITIONS = "DEBUG $(inherited)";
				SWIFT_OPTIMIZATION_LEVEL = "-Onone";
			};
			name = Debug;
		};
		18B39D322EEBA78600F9C0C6 /* Release */ = {
			isa = XCBuildConfiguration;
			buildSettings = {
				ALWAYS_SEARCH_USER_PATHS = NO;
				ASSETCATALOG_COMPILER_GENERATE_SWIFT_ASSET_SYMBOL_EXTENSIONS = YES;
				CLANG_ANALYZER_NONNULL = YES;
				CLANG_ANALYZER_NUMBER_OBJECT_CONVERSION = YES_AGGRESSIVE;
				CLANG_CXX_LANGUAGE_STANDARD = "gnu++20";
				CLANG_ENABLE_MODULES = YES;
				CLANG_ENABLE_OBJC_ARC = YES;
				CLANG_ENABLE_OBJC_WEAK = YES;
				CLANG_WARN_BLOCK_CAPTURE_AUTORELEASING = YES;
				CLANG_WARN_BOOL_CONVERSION = YES;
				CLANG_WARN_COMMA = YES;
				CLANG_WARN_CONSTANT_CONVERSION = YES;
				CLANG_WARN_DEPRECATED_OBJC_IMPLEMENTATIONS = YES;
				CLANG_WARN_DIRECT_OBJC_ISA_USAGE = YES_ERROR;
				CLANG_WARN_DOCUMENTATION_COMMENTS = YES;
				CLANG_WARN_EMPTY_BODY = YES;
				CLANG_WARN_ENUM_CONVERSION = YES;
				CLANG_WARN_INFINITE_RECURSION = YES;
				CLANG_WARN_INT_CONVERSION = YES;
				CLANG_WARN_NON_LITERAL_NULL_CONVERSION = YES;
				CLANG_WARN_OBJC_IMPLICIT_RETAIN_SELF = YES;
				CLANG_WARN_OBJC_LITERAL_CONVERSION = YES;
				CLANG_WARN_OBJC_ROOT_CLASS = YES_ERROR;
				CLANG_WARN_QUOTED_INCLUDE_IN_FRAMEWORK_HEADER = YES;
				CLANG_WARN_RANGE_LOOP_ANALYSIS = YES;
				CLANG_WARN_STRICT_PROTOTYPES = YES;
				CLANG_WARN_SUSPICIOUS_MOVE = YES;
				CLANG_WARN_UNGUARDED_AVAILABILITY = YES_AGGRESSIVE;
				CLANG_WARN_UNREACHABLE_CODE = YES;
				CLANG_WARN__DUPLICATE_METHOD_MATCH = YES;
				COPY_PHASE_STRIP = NO;
				DEBUG_INFORMATION_FORMAT = "dwarf-with-dsym";
				ENABLE_NS_ASSERTIONS = NO;
				ENABLE_STRICT_OBJC_MSGSEND = YES;
				ENABLE_USER_SCRIPT_SANDBOXING = YES;
				GCC_C_LANGUAGE_STANDARD = gnu17;
				GCC_NO_COMMON_BLOCKS = YES;
				GCC_WARN_64_TO_32_BIT_CONVERSION = YES;
				GCC_WARN_ABOUT_RETURN_TYPE = YES_ERROR;
				GCC_WARN_UNDECLARED_SELECTOR = YES;
				GCC_WARN_UNINITIALIZED_AUTOS = YES_AGGRESSIVE;
				GCC_WARN_UNUSED_FUNCTION = YES;
				GCC_WARN_UNUSED_VARIABLE = YES;
				LOCALIZATION_PREFERS_STRING_CATALOGS = YES;
				MTL_ENABLE_DEBUG_INFO = NO;
				MTL_FAST_MATH = YES;
				SWIFT_COMPILATION_MODE = wholemodule;
			};
			name = Release;
		};
		18B39D342EEBA78600F9C0C6 /* Debug */ = {
			isa = XCBuildConfiguration;
			buildSettings = {
				ASSETCATALOG_COMPILER_APPICON_NAME = AppIcon;
				ASSETCATALOG_COMPILER_GLOBAL_ACCENT_COLOR_NAME = AccentColor;
				CODE_SIGN_ENTITLEMENTS = SampleEditViewController/SampleEditViewController.entitlements;
				CODE_SIGN_STYLE = Automatic;
				CURRENT_PROJECT_VERSION = 1;
				DEVELOPMENT_ASSET_PATHS = "\"SampleEditViewController/Preview Content\"";
				DEVELOPMENT_TEAM = 36Z8VP4JN8;
				ENABLE_HARDENED_RUNTIME = YES;
				ENABLE_PREVIEWS = YES;
				GENERATE_INFOPLIST_FILE = YES;
				"INFOPLIST_KEY_UIApplicationSceneManifest_Generation[sdk=iphoneos*]" = YES;
				"INFOPLIST_KEY_UIApplicationSceneManifest_Generation[sdk=iphonesimulator*]" = YES;
				"INFOPLIST_KEY_UIApplicationSupportsIndirectInputEvents[sdk=iphoneos*]" = YES;
				"INFOPLIST_KEY_UIApplicationSupportsIndirectInputEvents[sdk=iphonesimulator*]" = YES;
				"INFOPLIST_KEY_UILaunchScreen_Generation[sdk=iphoneos*]" = YES;
				"INFOPLIST_KEY_UILaunchScreen_Generation[sdk=iphonesimulator*]" = YES;
				"INFOPLIST_KEY_UIStatusBarStyle[sdk=iphoneos*]" = UIStatusBarStyleDefault;
				"INFOPLIST_KEY_UIStatusBarStyle[sdk=iphonesimulator*]" = UIStatusBarStyleDefault;
				INFOPLIST_KEY_UISupportedInterfaceOrientations_iPad = "UIInterfaceOrientationPortrait UIInterfaceOrientationPortraitUpsideDown UIInterfaceOrientationLandscapeLeft UIInterfaceOrientationLandscapeRight";
				INFOPLIST_KEY_UISupportedInterfaceOrientations_iPhone = "UIInterfaceOrientationPortrait UIInterfaceOrientationLandscapeLeft UIInterfaceOrientationLandscapeRight";
				IPHONEOS_DEPLOYMENT_TARGET = 18.2;
				LD_RUNPATH_SEARCH_PATHS = "@executable_path/Frameworks";
				"LD_RUNPATH_SEARCH_PATHS[sdk=macosx*]" = "@executable_path/../Frameworks";
				MACOSX_DEPLOYMENT_TARGET = 15.0;
				MARKETING_VERSION = 1.0;
				PRODUCT_BUNDLE_IDENTIFIER = "boad-system.SampleEditViewController";
				PRODUCT_NAME = "$(TARGET_NAME)";
				SDKROOT = auto;
				SUPPORTED_PLATFORMS = "iphoneos iphonesimulator macosx xros xrsimulator";
				SWIFT_EMIT_LOC_STRINGS = YES;
				SWIFT_VERSION = 5.0;
				TARGETED_DEVICE_FAMILY = "1,2,7";
				XROS_DEPLOYMENT_TARGET = 2.2;
			};
			name = Debug;
		};
		18B39D352EEBA78600F9C0C6 /* Release */ = {
			isa = XCBuildConfiguration;
			buildSettings = {
				ASSETCATALOG_COMPILER_APPICON_NAME = AppIcon;
				ASSETCATALOG_COMPILER_GLOBAL_ACCENT_COLOR_NAME = AccentColor;
				CODE_SIGN_ENTITLEMENTS = SampleEditViewController/SampleEditViewController.entitlements;
				CODE_SIGN_STYLE = Automatic;
				CURRENT_PROJECT_VERSION = 1;
				DEVELOPMENT_ASSET_PATHS = "\"SampleEditViewController/Preview Content\"";
				DEVELOPMENT_TEAM = 36Z8VP4JN8;
				ENABLE_HARDENED_RUNTIME = YES;
				ENABLE_PREVIEWS = YES;
				GENERATE_INFOPLIST_FILE = YES;
				"INFOPLIST_KEY_UIApplicationSceneManifest_Generation[sdk=iphoneos*]" = YES;
				"INFOPLIST_KEY_UIApplicationSceneManifest_Generation[sdk=iphonesimulator*]" = YES;
				"INFOPLIST_KEY_UIApplicationSupportsIndirectInputEvents[sdk=iphoneos*]" = YES;
				"INFOPLIST_KEY_UIApplicationSupportsIndirectInputEvents[sdk=iphonesimulator*]" = YES;
				"INFOPLIST_KEY_UILaunchScreen_Generation[sdk=iphoneos*]" = YES;
				"INFOPLIST_KEY_UILaunchScreen_Generation[sdk=iphonesimulator*]" = YES;
				"INFOPLIST_KEY_UIStatusBarStyle[sdk=iphoneos*]" = UIStatusBarStyleDefault;
				"INFOPLIST_KEY_UIStatusBarStyle[sdk=iphonesimulator*]" = UIStatusBarStyleDefault;
				INFOPLIST_KEY_UISupportedInterfaceOrientations_iPad = "UIInterfaceOrientationPortrait UIInterfaceOrientationPortraitUpsideDown UIInterfaceOrientationLandscapeLeft UIInterfaceOrientationLandscapeRight";
				INFOPLIST_KEY_UISupportedInterfaceOrientations_iPhone = "UIInterfaceOrientationPortrait UIInterfaceOrientationLandscapeLeft UIInterfaceOrientationLandscapeRight";
				IPHONEOS_DEPLOYMENT_TARGET = 18.2;
				LD_RUNPATH_SEARCH_PATHS = "@executable_path/Frameworks";
				"LD_RUNPATH_SEARCH_PATHS[sdk=macosx*]" = "@executable_path/../Frameworks";
				MACOSX_DEPLOYMENT_TARGET = 15.0;
				MARKETING_VERSION = 1.0;
				PRODUCT_BUNDLE_IDENTIFIER = "boad-system.SampleEditViewController";
				PRODUCT_NAME = "$(TARGET_NAME)";
				SDKROOT = auto;
				SUPPORTED_PLATFORMS = "iphoneos iphonesimulator macosx xros xrsimulator";
				SWIFT_EMIT_LOC_STRINGS = YES;
				SWIFT_VERSION = 5.0;
				TARGETED_DEVICE_FAMILY = "1,2,7";
				XROS_DEPLOYMENT_TARGET = 2.2;
			};
			name = Release;
		};
		18B39D372EEBA78600F9C0C6 /* Debug */ = {
			isa = XCBuildConfiguration;
			buildSettings = {
				BUNDLE_LOADER = "$(TEST_HOST)";
				CODE_SIGN_STYLE = Automatic;
				CURRENT_PROJECT_VERSION = 1;
				DEVELOPMENT_TEAM = 36Z8VP4JN8;
				GENERATE_INFOPLIST_FILE = YES;
				IPHONEOS_DEPLOYMENT_TARGET = 18.2;
				MACOSX_DEPLOYMENT_TARGET = 15.0;
				MARKETING_VERSION = 1.0;
				PRODUCT_BUNDLE_IDENTIFIER = "boad-system.SampleEditViewControllerTests";
				PRODUCT_NAME = "$(TARGET_NAME)";
				SDKROOT = auto;
				SUPPORTED_PLATFORMS = "iphoneos iphonesimulator macosx xros xrsimulator";
				SWIFT_EMIT_LOC_STRINGS = NO;
				SWIFT_VERSION = 5.0;
				TARGETED_DEVICE_FAMILY = "1,2,7";
				TEST_HOST = "$(BUILT_PRODUCTS_DIR)/SampleEditViewController.app/$(BUNDLE_EXECUTABLE_FOLDER_PATH)/SampleEditViewController";
				XROS_DEPLOYMENT_TARGET = 2.2;
			};
			name = Debug;
		};
		18B39D382EEBA78600F9C0C6 /* Release */ = {
			isa = XCBuildConfiguration;
			buildSettings = {
				BUNDLE_LOADER = "$(TEST_HOST)";
				CODE_SIGN_STYLE = Automatic;
				CURRENT_PROJECT_VERSION = 1;
				DEVELOPMENT_TEAM = 36Z8VP4JN8;
				GENERATE_INFOPLIST_FILE = YES;
				IPHONEOS_DEPLOYMENT_TARGET = 18.2;
				MACOSX_DEPLOYMENT_TARGET = 15.0;
				MARKETING_VERSION = 1.0;
				PRODUCT_BUNDLE_IDENTIFIER = "boad-system.SampleEditViewControllerTests";
				PRODUCT_NAME = "$(TARGET_NAME)";
				SDKROOT = auto;
				SUPPORTED_PLATFORMS = "iphoneos iphonesimulator macosx xros xrsimulator";
				SWIFT_EMIT_LOC_STRINGS = NO;
				SWIFT_VERSION = 5.0;
				TARGETED_DEVICE_FAMILY = "1,2,7";
				TEST_HOST = "$(BUILT_PRODUCTS_DIR)/SampleEditViewController.app/$(BUNDLE_EXECUTABLE_FOLDER_PATH)/SampleEditViewController";
				XROS_DEPLOYMENT_TARGET = 2.2;
			};
			name = Release;
		};
		18B39D3A2EEBA78600F9C0C6 /* Debug */ = {
			isa = XCBuildConfiguration;
			buildSettings = {
				CODE_SIGN_STYLE = Automatic;
				CURRENT_PROJECT_VERSION = 1;
				DEVELOPMENT_TEAM = 36Z8VP4JN8;
				GENERATE_INFOPLIST_FILE = YES;
				IPHONEOS_DEPLOYMENT_TARGET = 18.2;
				MACOSX_DEPLOYMENT_TARGET = 15.0;
				MARKETING_VERSION = 1.0;
				PRODUCT_BUNDLE_IDENTIFIER = "boad-system.SampleEditViewControllerUITests";
				PRODUCT_NAME = "$(TARGET_NAME)";
				SDKROOT = auto;
				SUPPORTED_PLATFORMS = "iphoneos iphonesimulator macosx xros xrsimulator";
				SWIFT_EMIT_LOC_STRINGS = NO;
				SWIFT_VERSION = 5.0;
				TARGETED_DEVICE_FAMILY = "1,2,7";
				TEST_TARGET_NAME = SampleEditViewController;
				XROS_DEPLOYMENT_TARGET = 2.2;
			};
			name = Debug;
		};
		18B39D3B2EEBA78600F9C0C6 /* Release */ = {
			isa = XCBuildConfiguration;
			buildSettings = {
				CODE_SIGN_STYLE = Automatic;
				CURRENT_PROJECT_VERSION = 1;
				DEVELOPMENT_TEAM = 36Z8VP4JN8;
				GENERATE_INFOPLIST_FILE = YES;
				IPHONEOS_DEPLOYMENT_TARGET = 18.2;
				MACOSX_DEPLOYMENT_TARGET = 15.0;
				MARKETING_VERSION = 1.0;
				PRODUCT_BUNDLE_IDENTIFIER = "boad-system.SampleEditViewControllerUITests";
				PRODUCT_NAME = "$(TARGET_NAME)";
				SDKROOT = auto;
				SUPPORTED_PLATFORMS = "iphoneos iphonesimulator macosx xros xrsimulator";
				SWIFT_EMIT_LOC_STRINGS = NO;
				SWIFT_VERSION = 5.0;
				TARGETED_DEVICE_FAMILY = "1,2,7";
				TEST_TARGET_NAME = SampleEditViewController;
				XROS_DEPLOYMENT_TARGET = 2.2;
			};
			name = Release;
		};
/* End XCBuildConfiguration section */

/* Begin XCConfigurationList section */
		18B39D042EEBA78400F9C0C6 /* Build configuration list for PBXProject "SampleEditViewController" */ = {
			isa = XCConfigurationList;
			buildConfigurations = (
				18B39D312EEBA78600F9C0C6 /* Debug */,
				18B39D322EEBA78600F9C0C6 /* Release */,
			);
			defaultConfigurationIsVisible = 0;
			defaultConfigurationName = Release;
		};
		18B39D332EEBA78600F9C0C6 /* Build configuration list for PBXNativeTarget "SampleEditViewController" */ = {
			isa = XCConfigurationList;
			buildConfigurations = (
				18B39D342EEBA78600F9C0C6 /* Debug */,
				18B39D352EEBA78600F9C0C6 /* Release */,
			);
			defaultConfigurationIsVisible = 0;
			defaultConfigurationName = Release;
		};
		18B39D362EEBA78600F9C0C6 /* Build configuration list for PBXNativeTarget "SampleEditViewControllerTests" */ = {
			isa = XCConfigurationList;
			buildConfigurations = (
				18B39D372EEBA78600F9C0C6 /* Debug */,
				18B39D382EEBA78600F9C0C6 /* Release */,
			);
			defaultConfigurationIsVisible = 0;
			defaultConfigurationName = Release;
		};
		18B39D392EEBA78600F9C0C6 /* Build configuration list for PBXNativeTarget "SampleEditViewControllerUITests" */ = {
			isa = XCConfigurationList;
			buildConfigurations = (
				18B39D3A2EEBA78600F9C0C6 /* Debug */,
				18B39D3B2EEBA78600F9C0C6 /* Release */,
			);
			defaultConfigurationIsVisible = 0;
			defaultConfigurationName = Release;
		};
/* End XCConfigurationList section */
	};
	rootObject = 18B39D012EEBA78400F9C0C6 /* Project object */;
}
